
Microsoft Visual Studio Solution File, Format Version 12.00
# Visual Studio Version 17
VisualStudioVersion = 17.13.35806.99 d17.13
MinimumVisualStudioVersion = 10.0.40219.1
Project("{FAE04EC0-301F-11D3-BF4B-00C04F79EFBC}") = "ConsoleApp1", "ConsoleApp1.csproj", "{3A0540EE-1B75-422B-88B2-C1EA657BDB62}"
EndProject
Global
	GlobalSection(SolutionConfigurationPlatforms) = preSolution
		Debug|Any CPU = Debug|Any CPU
		Release|Any CPU = Release|Any CPU
	EndGlobalSection
	GlobalSection(ProjectConfigurationPlatforms) = postSolution
		{3A0540EE-1B75-422B-88B2-C1EA657BDB62}.Debug|Any CPU.ActiveCfg = Debug|Any CPU
		{3A0540EE-1B75-422B-88B2-C1EA657BDB62}.Debug|Any CPU.Build.0 = Debug|Any CPU
		{3A0540EE-1B75-422B-88B2-C1EA657BDB62}.Release|Any CPU.ActiveCfg = Release|Any CPU
		{3A0540EE-1B75-422B-88B2-C1EA657BDB62}.Release|Any CPU.Build.0 = Release|Any CPU
	EndGlobalSection
	GlobalSection(SolutionProperties) = preSolution
		HideSolutionNode = FALSE
	EndGlobalSection
	GlobalSection(ExtensibilityGlobals) = postSolution
		SolutionGuid = {2C10DA74-5A39-4A64-9936-5FA45621B7B2}
	EndGlobalSection
EndGlobal
